
Microsoft Visual Studio Solution File, Format Version 12.00
# Visual Studio Version 16
VisualStudioVersion = 16.0.31624.102
MinimumVisualStudioVersion = 10.0.40219.1
Project("{FAE04EC0-301F-11D3-BF4B-00C04F79EFBC}") = "CaesarCipher", "CaesarCipher\CaesarCipher.csproj", "{485FFBD4-D809-4344-994B-AD65BEE89C71}"
EndProject
Global
	GlobalSection(SolutionConfigurationPlatforms) = preSolution
		Debug|Any CPU = Debug|Any CPU
		Release|Any CPU = Release|Any CPU
	EndGlobalSection
	GlobalSection(ProjectConfigurationPlatforms) = postSolution
		{485FFBD4-D809-4344-994B-AD65BEE89C71}.Debug|Any CPU.ActiveCfg = Debug|Any CPU
		{485FFBD4-D809-4344-994B-AD65BEE89C71}.Debug|Any CPU.Build.0 = Debug|Any CPU
		{485FFBD4-D809-4344-994B-AD65BEE89C71}.Release|Any CPU.ActiveCfg = Release|Any CPU
		{485FFBD4-D809-4344-994B-AD65BEE89C71}.Release|Any CPU.Build.0 = Release|Any CPU
	EndGlobalSection
	GlobalSection(SolutionProperties) = preSolution
		HideSolutionNode = FALSE
	EndGlobalSection
	GlobalSection(ExtensibilityGlobals) = postSolution
		SolutionGuid = {8F7A200E-090E-4C51-AB7B-C42E3E27D0FE}
	EndGlobalSection
EndGlobal
